// !$*UTF8*$!
{
	archiveVersion = 1;
	classes = {
	};
	objectVersion = 50;
	objects = {

/* Begin PBXBuildFile section */
		98ABFC3424613A8000C21EF9 /* AppDelegate.swift in Sources */ = {isa = PBXBuildFile; fileRef = 98ABFC3324613A8000C21EF9 /* AppDelegate.swift */; };
		98ABFC3624613A8000C21EF9 /* ViewController.swift in Sources */ = {isa = PBXBuildFile; fileRef = 98ABFC3524613A8000C21EF9 /* ViewController.swift */; };
		98ABFC3924613A8000C21EF9 /* Main.storyboard in Resources */ = {isa = PBXBuildFile; fileRef = 98ABFC3724613A8000C21EF9 /* Main.storyboard */; };
		98ABFC3B24613A8100C21EF9 /* Assets.xcassets in Resources */ = {isa = PBXBuildFile; fileRef = 98ABFC3A24613A8100C21EF9 /* Assets.xcassets */; };
		98ABFC3E24613A8100C21EF9 /* LaunchScreen.storyboard in Resources */ = {isa = PBXBuildFile; fileRef = 98ABFC3C24613A8100C21EF9 /* LaunchScreen.storyboard */; };
		98ABFC4924613A8100C21EF9 /* NeatWorkLoginTests.swift in Sources */ = {isa = PBXBuildFile; fileRef = 98ABFC4824613A8100C21EF9 /* NeatWorkLoginTests.swift */; };
/* End PBXBuildFile section */

/* Begin PBXContainerItemProxy section */
		98ABFC4524613A8100C21EF9 /* PBXContainerItemProxy */ = {
			isa = PBXContainerItemProxy;
			containerPortal = 98ABFC2824613A8000C21EF9 /* Project object */;
			proxyType = 1;
			remoteGlobalIDString = 98ABFC2F24613A8000C21EF9;
			remoteInfo = NeatWorkLogin;
		};
/* End PBXContainerItemProxy section */

/* Begin PBXFileReference section */
		98ABFC3024613A8000C21EF9 /* NeatWorkLogin.app */ = {isa = PBXFileReference; explicitFileType = wrapper.application; includeInIndex = 0; path = NeatWorkLogin.app; sourceTree = BUILT_PRODUCTS_DIR; };
		98ABFC3324613A8000C21EF9 /* AppDelegate.swift */ = {isa = PBXFileReference; lastKnownFileType = sourcecode.swift; path = AppDelegate.swift; sourceTree = "<group>"; };
		98ABFC3524613A8000C21EF9 /* ViewController.swift */ = {isa = PBXFileReference; lastKnownFileType = sourcecode.swift; path = ViewController.swift; sourceTree = "<group>"; };
		98ABFC3824613A8000C21EF9 /* Base */ = {isa = PBXFileReference; lastKnownFileType = file.storyboard; name = Base; path = Base.lproj/Main.storyboard; sourceTree = "<group>"; };
		98ABFC3A24613A8100C21EF9 /* Assets.xcassets */ = {isa = PBXFileReference; lastKnownFileType = folder.assetcatalog; path = Assets.xcassets; sourceTree = "<group>"; };
		98ABFC3D24613A8100C21EF9 /* Base */ = {isa = PBXFileReference; lastKnownFileType = file.storyboard; name = Base; path = Base.lproj/LaunchScreen.storyboard; sourceTree = "<group>"; };
		98ABFC3F24613A8100C21EF9 /* Info.plist */ = {isa = PBXFileReference; lastKnownFileType = text.plist.xml; path = Info.plist; sourceTree = "<group>"; };
		98ABFC4424613A8100C21EF9 /* NeatWorkLoginTests.xctest */ = {isa = PBXFileReference; explicitFileType = wrapper.cfbundle; includeInIndex = 0; path = NeatWorkLoginTests.xctest; sourceTree = BUILT_PRODUCTS_DIR; };
		98ABFC4824613A8100C21EF9 /* NeatWorkLoginTests.swift */ = {isa = PBXFileReference; lastKnownFileType = sourcecode.swift; path = NeatWorkLoginTests.swift; sourceTree = "<group>"; };
		98ABFC4A24613A8100C21EF9 /* Info.plist */ = {isa = PBXFileReference; lastKnownFileType = text.plist.xml; path = Info.plist; sourceTree = "<group>"; };
/* End PBXFileReference section */

/* Begin PBXFrameworksBuildPhase section */
		98ABFC2D24613A8000C21EF9 /* Frameworks */ = {
			isa = PBXFrameworksBuildPhase;
			buildActionMask = 2147483647;
			files = (
			);
			runOnlyForDeploymentPostprocessing = 0;
		};
		98ABFC4124613A8100C21EF9 /* Frameworks */ = {
			isa = PBXFrameworksBuildPhase;
			buildActionMask = 2147483647;
			files = (
			);
			runOnlyForDeploymentPostprocessing = 0;
		};
/* End PBXFrameworksBuildPhase section */

/* Begin PBXGroup section */
		98ABFC2724613A8000C21EF9 = {
			isa = PBXGroup;
			children = (
				98ABFC3224613A8000C21EF9 /* NeatWorkLogin */,
				98ABFC4724613A8100C21EF9 /* NeatWorkLoginTests */,
				98ABFC3124613A8000C21EF9 /* Products */,
			);
			sourceTree = "<group>";
		};
		98ABFC3124613A8000C21EF9 /* Products */ = {
			isa = PBXGroup;
			children = (
				98ABFC3024613A8000C21EF9 /* NeatWorkLogin.app */,
				98ABFC4424613A8100C21EF9 /* NeatWorkLoginTests.xctest */,
			);
			name = Products;
			sourceTree = "<group>";
		};
		98ABFC3224613A8000C21EF9 /* NeatWorkLogin */ = {
			isa = PBXGroup;
			children = (
				98ABFC3324613A8000C21EF9 /* AppDelegate.swift */,
				98ABFC3524613A8000C21EF9 /* ViewController.swift */,
				98ABFC3724613A8000C21EF9 /* Main.storyboard */,
				98ABFC3A24613A8100C21EF9 /* Assets.xcassets */,
				98ABFC3C24613A8100C21EF9 /* LaunchScreen.storyboard */,
				98ABFC3F24613A8100C21EF9 /* Info.plist */,
			);
			path = NeatWorkLogin;
			sourceTree = "<group>";
		};
		98ABFC4724613A8100C21EF9 /* NeatWorkLoginTests */ = {
			isa = PBXGroup;
			children = (
				98ABFC4824613A8100C21EF9 /* NeatWorkLoginTests.swift */,
				98ABFC4A24613A8100C21EF9 /* Info.plist */,
			);
			path = NeatWorkLoginTests;
			sourceTree = "<group>";
		};
/* End PBXGroup section */

/* Begin PBXNativeTarget section */
		98ABFC2F24613A8000C21EF9 /* NeatWorkLogin */ = {
			isa = PBXNativeTarget;
			buildConfigurationList = 98ABFC4D24613A8200C21EF9 /* Build configuration list for PBXNativeTarget "NeatWorkLogin" */;
			buildPhases = (
				98ABFC2C24613A8000C21EF9 /* Sources */,
				98ABFC2D24613A8000C21EF9 /* Frameworks */,
				98ABFC2E24613A8000C21EF9 /* Resources */,
			);
			buildRules = (
			);
			dependencies = (
			);
			name = NeatWorkLogin;
			productName = NeatWorkLogin;
			productReference = 98ABFC3024613A8000C21EF9 /* NeatWorkLogin.app */;
			productType = "com.apple.product-type.application";
		};
		98ABFC4324613A8100C21EF9 /* NeatWorkLoginTests */ = {
			isa = PBXNativeTarget;
			buildConfigurationList = 98ABFC5024613A8200C21EF9 /* Build configuration list for PBXNativeTarget "NeatWorkLoginTests" */;
			buildPhases = (
				98ABFC4024613A8100C21EF9 /* Sources */,
				98ABFC4124613A8100C21EF9 /* Frameworks */,
				98ABFC4224613A8100C21EF9 /* Resources */,
			);
			buildRules = (
			);
			dependencies = (
				98ABFC4624613A8100C21EF9 /* PBXTargetDependency */,
			);
			name = NeatWorkLoginTests;
			productName = NeatWorkLoginTests;
			productReference = 98ABFC4424613A8100C21EF9 /* NeatWorkLoginTests.xctest */;
			productType = "com.apple.product-type.bundle.unit-test";
		};
/* End PBXNativeTarget section */

/* Begin PBXProject section */
		98ABFC2824613A8000C21EF9 /* Project object */ = {
			isa = PBXProject;
			attributes = {
				LastSwiftUpdateCheck = 0940;
				LastUpgradeCheck = 0940;
				ORGANIZATIONNAME = "Joan Marie Tubungbanua";
				TargetAttributes = {
					98ABFC2F24613A8000C21EF9 = {
						CreatedOnToolsVersion = 9.4.1;
					};
					98ABFC4324613A8100C21EF9 = {
						CreatedOnToolsVersion = 9.4.1;
						TestTargetID = 98ABFC2F24613A8000C21EF9;
					};
				};
			};
			buildConfigurationList = 98ABFC2B24613A8000C21EF9 /* Build configuration list for PBXProject "NeatWorkLogin" */;
			compatibilityVersion = "Xcode 9.3";
			developmentRegion = en;
			hasScannedForEncodings = 0;
			knownRegions = (
				en,
				Base,
			);
			mainGroup = 98ABFC2724613A8000C21EF9;
			productRefGroup = 98ABFC3124613A8000C21EF9 /* Products */;
			projectDirPath = "";
			projectRoot = "";
			targets = (
				98ABFC2F24613A8000C21EF9 /* NeatWorkLogin */,
				98ABFC4324613A8100C21EF9 /* NeatWorkLoginTests */,
			);
		};
/* End PBXProject section */

/* Begin PBXResourcesBuildPhase section */
		98ABFC2E24613A8000C21EF9 /* Resources */ = {
			isa = PBXResourcesBuildPhase;
			buildActionMask = 2147483647;
			files = (
				98ABFC3E24613A8100C21EF9 /* LaunchScreen.storyboard in Resources */,
				98ABFC3B24613A8100C21EF9 /* Assets.xcassets in Resources */,
				98ABFC3924613A8000C21EF9 /* Main.storyboard in Resources */,
			);
			runOnlyForDeploymentPostprocessing = 0;
		};
		98ABFC4224613A8100C21EF9 /* Resources */ = {
			isa = PBXResourcesBuildPhase;
			buildActionMask = 2147483647;
			files = (
			);
			runOnlyForDeploymentPostprocessing = 0;
		};
/* End PBXResourcesBuildPhase section */

/* Begin PBXSourcesBuildPhase section */
		98ABFC2C24613A8000C21EF9 /* Sources */ = {
			isa = PBXSourcesBuildPhase;
			buildActionMask = 2147483647;
			files = (
				98ABFC3624613A8000C21EF9 /* ViewController.swift in Sources */,
				98ABFC3424613A8000C21EF9 /* AppDelegate.swift in Sources */,
			);
			runOnlyForDeploymentPostprocessing = 0;
		};
		98ABFC4024613A8100C21EF9 /* Sources */ = {
			isa = PBXSourcesBuildPhase;
			buildActionMask = 2147483647;
			files = (
				98ABFC4924613A8100C21EF9 /* NeatWorkLoginTests.swift in Sources */,
			);
			runOnlyForDeploymentPostprocessing = 0;
		};
/* End PBXSourcesBuildPhase section */

/* Begin PBXTargetDependency section */
		98ABFC4624613A8100C21EF9 /* PBXTargetDependency */ = {
			isa = PBXTargetDependency;
			target = 98ABFC2F24613A8000C21EF9 /* NeatWorkLogin */;
			targetProxy = 98ABFC4524613A8100C21EF9 /* PBXContainerItemProxy */;
		};
/* End PBXTargetDependency section */

/* Begin PBXVariantGroup section */
		98ABFC3724613A8000C21EF9 /* Main.storyboard */ = {
			isa = PBXVariantGroup;
			children = (
				98ABFC3824613A8000C21EF9 /* Base */,
			);
			name = Main.storyboard;
			sourceTree = "<group>";
		};
		98ABFC3C24613A8100C21EF9 /* LaunchScreen.storyboard */ = {
			isa = PBXVariantGroup;
			children = (
				98ABFC3D24613A8100C21EF9 /* Base */,
			);
			name = LaunchScreen.storyboard;
			sourceTree = "<group>";
		};
/* End PBXVariantGroup section */

/* Begin XCBuildConfiguration section */
		98ABFC4B24613A8200C21EF9 /* Debug */ = {
			isa = XCBuildConfiguration;
			buildSettings = {
				ALWAYS_SEARCH_USER_PATHS = NO;
				CLANG_ANALYZER_NONNULL = YES;
				CLANG_ANALYZER_NUMBER_OBJECT_CONVERSION = YES_AGGRESSIVE;
				CLANG_CXX_LANGUAGE_STANDARD = "gnu++14";
				CLANG_CXX_LIBRARY = "libc++";
				CLANG_ENABLE_MODULES = YES;
				CLANG_ENABLE_OBJC_ARC = YES;
				CLANG_ENABLE_OBJC_WEAK = YES;
				CLANG_WARN_BLOCK_CAPTURE_AUTORELEASING = YES;
				CLANG_WARN_BOOL_CONVERSION = YES;
				CLANG_WARN_COMMA = YES;
				CLANG_WARN_CONSTANT_CONVERSION = YES;
				CLANG_WARN_DEPRECATED_OBJC_IMPLEMENTATIONS = YES;
				CLANG_WARN_DIRECT_OBJC_ISA_USAGE = YES_ERROR;
				CLANG_WARN_DOCUMENTATION_COMMENTS = YES;
				CLANG_WARN_EMPTY_BODY = YES;
				CLANG_WARN_ENUM_CONVERSION = YES;
				CLANG_WARN_INFINITE_RECURSION = YES;
				CLANG_WARN_INT_CONVERSION = YES;
				CLANG_WARN_NON_LITERAL_NULL_CONVERSION = YES;
				CLANG_WARN_OBJC_IMPLICIT_RETAIN_SELF = YES;
				CLANG_WARN_OBJC_LITERAL_CONVERSION = YES;
				CLANG_WARN_OBJC_ROOT_CLASS = YES_ERROR;
				CLANG_WARN_RANGE_LOOP_ANALYSIS = YES;
				CLANG_WARN_STRICT_PROTOTYPES = YES;
				CLANG_WARN_SUSPICIOUS_MOVE = YES;
				CLANG_WARN_UNGUARDED_AVAILABILITY = YES_AGGRESSIVE;
				CLANG_WARN_UNREACHABLE_CODE = YES;
				CLANG_WARN__DUPLICATE_METHOD_MATCH = YES;
				CODE_SIGN_IDENTITY = "iPhone Developer";
				COPY_PHASE_STRIP = NO;
				DEBUG_INFORMATION_FORMAT = dwarf;
				ENABLE_STRICT_OBJC_MSGSEND = YES;
				ENABLE_TESTABILITY = YES;
				GCC_C_LANGUAGE_STANDARD = gnu11;
				GCC_DYNAMIC_NO_PIC = NO;
				GCC_NO_COMMON_BLOCKS = YES;
				GCC_OPTIMIZATION_LEVEL = 0;
				GCC_PREPROCESSOR_DEFINITIONS = (
					"DEBUG=1",
					"$(inherited)",
				);
				GCC_WARN_64_TO_32_BIT_CONVERSION = YES;
				GCC_WARN_ABOUT_RETURN_TYPE = YES_ERROR;
				GCC_WARN_UNDECLARED_SELECTOR = YES;
				GCC_WARN_UNINITIALIZED_AUTOS = YES_AGGRESSIVE;
				GCC_WARN_UNUSED_FUNCTION = YES;
				GCC_WARN_UNUSED_VARIABLE = YES;
				IPHONEOS_DEPLOYMENT_TARGET = 11.4;
				MTL_ENABLE_DEBUG_INFO = YES;
				ONLY_ACTIVE_ARCH = YES;
				SDKROOT = iphoneos;
				SWIFT_ACTIVE_COMPILATION_CONDITIONS = DEBUG;
				SWIFT_OPTIMIZATION_LEVEL = "-Onone";
			};
			name = Debug;
		};
		98ABFC4C24613A8200C21EF9 /* Release */ = {
			isa = XCBuildConfiguration;
			buildSettings = {
				ALWAYS_SEARCH_USER_PATHS = NO;
				CLANG_ANALYZER_NONNULL = YES;
				CLANG_ANALYZER_NUMBER_OBJECT_CONVERSION = YES_AGGRESSIVE;
				CLANG_CXX_LANGUAGE_STANDARD = "gnu++14";
				CLANG_CXX_LIBRARY = "libc++";
				CLANG_ENABLE_MODULES = YES;
				CLANG_ENABLE_OBJC_ARC = YES;
				CLANG_ENABLE_OBJC_WEAK = YES;
				CLANG_WARN_BLOCK_CAPTURE_AUTORELEASING = YES;
				CLANG_WARN_BOOL_CONVERSION = YES;
				CLANG_WARN_COMMA = YES;
				CLANG_WARN_CONSTANT_CONVERSION = YES;
				CLANG_WARN_DEPRECATED_OBJC_IMPLEMENTATIONS = YES;
				CLANG_WARN_DIRECT_OBJC_ISA_USAGE = YES_ERROR;
				CLANG_WARN_DOCUMENTATION_COMMENTS = YES;
				CLANG_WARN_EMPTY_BODY = YES;
				CLANG_WARN_ENUM_CONVERSION = YES;
				CLANG_WARN_INFINITE_RECURSION = YES;
				CLANG_WARN_INT_CONVERSION = YES;
				CLANG_WARN_NON_LITERAL_NULL_CONVERSION = YES;
				CLANG_WARN_OBJC_IMPLICIT_RETAIN_SELF = YES;
				CLANG_WARN_OBJC_LITERAL_CONVERSION = YES;
				CLANG_WARN_OBJC_ROOT_CLASS = YES_ERROR;
				CLANG_WARN_RANGE_LOOP_ANALYSIS = YES;
				CLANG_WARN_STRICT_PROTOTYPES = YES;
				CLANG_WARN_SUSPICIOUS_MOVE = YES;
				CLANG_WARN_UNGUARDED_AVAILABILITY = YES_AGGRESSIVE;
				CLANG_WARN_UNREACHABLE_CODE = YES;
				CLANG_WARN__DUPLICATE_METHOD_MATCH = YES;
				CODE_SIGN_IDENTITY = "iPhone Developer";
				COPY_PHASE_STRIP = NO;
				DEBUG_INFORMATION_FORMAT = "dwarf-with-dsym";
				ENABLE_NS_ASSERTIONS = NO;
				ENABLE_STRICT_OBJC_MSGSEND = YES;
				GCC_C_LANGUAGE_STANDARD = gnu11;
				GCC_NO_COMMON_BLOCKS = YES;
				GCC_WARN_64_TO_32_BIT_CONVERSION = YES;
				GCC_WARN_ABOUT_RETURN_TYPE = YES_ERROR;
				GCC_WARN_UNDECLARED_SELECTOR = YES;
				GCC_WARN_UNINITIALIZED_AUTOS = YES_AGGRESSIVE;
				GCC_WARN_UNUSED_FUNCTION = YES;
				GCC_WARN_UNUSED_VARIABLE = YES;
				IPHONEOS_DEPLOYMENT_TARGET = 11.4;
				MTL_ENABLE_DEBUG_INFO = NO;
				SDKROOT = iphoneos;
				SWIFT_COMPILATION_MODE = wholemodule;
				SWIFT_OPTIMIZATION_LEVEL = "-O";
				VALIDATE_PRODUCT = YES;
			};
			name = Release;
		};
		98ABFC4E24613A8200C21EF9 /* Debug */ = {
			isa = XCBuildConfiguration;
			buildSettings = {
				ASSETCATALOG_COMPILER_APPICON_NAME = AppIcon;
				CODE_SIGN_STYLE = Automatic;
				DEVELOPMENT_TEAM = 67PEH57D4A;
				INFOPLIST_FILE = NeatWorkLogin/Info.plist;
				LD_RUNPATH_SEARCH_PATHS = (
					"$(inherited)",
					"@executable_path/Frameworks",
				);
				PRODUCT_BUNDLE_IDENTIFIER = com.joantubungbanua.NeatWorkLogin;
				PRODUCT_NAME = "$(TARGET_NAME)";
				SWIFT_VERSION = 4.0;
				TARGETED_DEVICE_FAMILY = "1,2";
			};
			name = Debug;
		};
		98ABFC4F24613A8200C21EF9 /* Release */ = {
			isa = XCBuildConfiguration;
			buildSettings = {
				ASSETCATALOG_COMPILER_APPICON_NAME = AppIcon;
				CODE_SIGN_STYLE = Automatic;
				DEVELOPMENT_TEAM = 67PEH57D4A;
				INFOPLIST_FILE = NeatWorkLogin/Info.plist;
				LD_RUNPATH_SEARCH_PATHS = (
					"$(inherited)",
					"@executable_path/Frameworks",
				);
				PRODUCT_BUNDLE_IDENTIFIER = com.joantubungbanua.NeatWorkLogin;
				PRODUCT_NAME = "$(TARGET_NAME)";
				SWIFT_VERSION = 4.0;
				TARGETED_DEVICE_FAMILY = "1,2";
			};
			name = Release;
		};
		98ABFC5124613A8200C21EF9 /* Debug */ = {
			isa = XCBuildConfiguration;
			buildSettings = {
				ALWAYS_EMBED_SWIFT_STANDARD_LIBRARIES = YES;
				BUNDLE_LOADER = "$(TEST_HOST)";
				CODE_SIGN_STYLE = Automatic;
				DEVELOPMENT_TEAM = 67PEH57D4A;
				INFOPLIST_FILE = NeatWorkLoginTests/Info.plist;
				LD_RUNPATH_SEARCH_PATHS = (
					"$(inherited)",
					"@executable_path/Frameworks",
					"@loader_path/Frameworks",
				);
				PRODUCT_BUNDLE_IDENTIFIER = com.joantubungbanua.NeatWorkLoginTests;
				PRODUCT_NAME = "$(TARGET_NAME)";
				SWIFT_VERSION = 4.0;
				TARGETED_DEVICE_FAMILY = "1,2";
				TEST_HOST = "$(BUILT_PRODUCTS_DIR)/NeatWorkLogin.app/NeatWorkLogin";
			};
			name = Debug;
		};
		98ABFC5224613A8200C21EF9 /* Release */ = {
			isa = XCBuildConfiguration;
			buildSettings = {
				ALWAYS_EMBED_SWIFT_STANDARD_LIBRARIES = YES;
				BUNDLE_LOADER = "$(TEST_HOST)";
				CODE_SIGN_STYLE = Automatic;
				DEVELOPMENT_TEAM = 67PEH57D4A;
				INFOPLIST_FILE = NeatWorkLoginTests/Info.plist;
				LD_RUNPATH_SEARCH_PATHS = (
					"$(inherited)",
					"@executable_path/Frameworks",
					"@loader_path/Frameworks",
				);
				PRODUCT_BUNDLE_IDENTIFIER = com.joantubungbanua.NeatWorkLoginTests;
				PRODUCT_NAME = "$(TARGET_NAME)";
				SWIFT_VERSION = 4.0;
				TARGETED_DEVICE_FAMILY = "1,2";
				TEST_HOST = "$(BUILT_PRODUCTS_DIR)/NeatWorkLogin.app/NeatWorkLogin";
			};
			name = Release;
		};
/* End XCBuildConfiguration section */

/* Begin XCConfigurationList section */
		98ABFC2B24613A8000C21EF9 /* Build configuration list for PBXProject "NeatWorkLogin" */ = {
			isa = XCConfigurationList;
			buildConfigurations = (
				98ABFC4B24613A8200C21EF9 /* Debug */,
				98ABFC4C24613A8200C21EF9 /* Release */,
			);
			defaultConfigurationIsVisible = 0;
			defaultConfigurationName = Release;
		};
		98ABFC4D24613A8200C21EF9 /* Build configuration list for PBXNativeTarget "NeatWorkLogin" */ = {
			isa = XCConfigurationList;
			buildConfigurations = (
				98ABFC4E24613A8200C21EF9 /* Debug */,
				98ABFC4F24613A8200C21EF9 /* Release */,
			);
			defaultConfigurationIsVisible = 0;
			defaultConfigurationName = Release;
		};
		98ABFC5024613A8200C21EF9 /* Build configuration list for PBXNativeTarget "NeatWorkLoginTests" */ = {
			isa = XCConfigurationList;
			buildConfigurations = (
				98ABFC5124613A8200C21EF9 /* Debug */,
				98ABFC5224613A8200C21EF9 /* Release */,
			);
			defaultConfigurationIsVisible = 0;
			defaultConfigurationName = Release;
		};
/* End XCConfigurationList section */
	};
	rootObject = 98ABFC2824613A8000C21EF9 /* Project object */;
}
